// !$*UTF8*$!
{
	archiveVersion = 1;
	classes = {
	};
	objectVersion = 50;
	objects = {

/* Begin PBXBuildFile section */
		FC30F2A9211FC90300CFE07B /* AppDelegate.swift in Sources */ = {isa = PBXBuildFile; fileRef = FC30F2A8211FC90300CFE07B /* AppDelegate.swift */; };
		FC30F2AE211FC90300CFE07B /* Main.storyboard in Resources */ = {isa = PBXBuildFile; fileRef = FC30F2AC211FC90300CFE07B /* Main.storyboard */; };
		FC30F2B0211FC90400CFE07B /* Assets.xcassets in Resources */ = {isa = PBXBuildFile; fileRef = FC30F2AF211FC90400CFE07B /* Assets.xcassets */; };
		FC30F2B3211FC90400CFE07B /* LaunchScreen.storyboard in Resources */ = {isa = PBXBuildFile; fileRef = FC30F2B1211FC90400CFE07B /* LaunchScreen.storyboard */; };
		FC30F2BB211FC9BC00CFE07B /* RestaurantTableViewController.swift in Sources */ = {isa = PBXBuildFile; fileRef = FC30F2BA211FC9BC00CFE07B /* RestaurantTableViewController.swift */; };
		FC30F2BD211FD07400CFE07B /* RestaurantTableViewCell.swift in Sources */ = {isa = PBXBuildFile; fileRef = FC30F2BC211FD07400CFE07B /* RestaurantTableViewCell.swift */; };
/* End PBXBuildFile section */

/* Begin PBXFileReference section */
		FC30F2A5211FC90300CFE07B /* FoodMarker.app */ = {isa = PBXFileReference; explicitFileType = wrapper.application; includeInIndex = 0; path = FoodMarker.app; sourceTree = BUILT_PRODUCTS_DIR; };
		FC30F2A8211FC90300CFE07B /* AppDelegate.swift */ = {isa = PBXFileReference; lastKnownFileType = sourcecode.swift; path = AppDelegate.swift; sourceTree = "<group>"; };
		FC30F2AD211FC90300CFE07B /* Base */ = {isa = PBXFileReference; lastKnownFileType = file.storyboard; name = Base; path = Base.lproj/Main.storyboard; sourceTree = "<group>"; };
		FC30F2AF211FC90400CFE07B /* Assets.xcassets */ = {isa = PBXFileReference; lastKnownFileType = folder.assetcatalog; path = Assets.xcassets; sourceTree = "<group>"; };
		FC30F2B2211FC90400CFE07B /* Base */ = {isa = PBXFileReference; lastKnownFileType = file.storyboard; name = Base; path = Base.lproj/LaunchScreen.storyboard; sourceTree = "<group>"; };
		FC30F2B4211FC90400CFE07B /* Info.plist */ = {isa = PBXFileReference; lastKnownFileType = text.plist.xml; path = Info.plist; sourceTree = "<group>"; };
		FC30F2BA211FC9BC00CFE07B /* RestaurantTableViewController.swift */ = {isa = PBXFileReference; lastKnownFileType = sourcecode.swift; path = RestaurantTableViewController.swift; sourceTree = "<group>"; };
		FC30F2BC211FD07400CFE07B /* RestaurantTableViewCell.swift */ = {isa = PBXFileReference; lastKnownFileType = sourcecode.swift; path = RestaurantTableViewCell.swift; sourceTree = "<group>"; };
/* End PBXFileReference section */

/* Begin PBXFrameworksBuildPhase section */
		FC30F2A2211FC90300CFE07B /* Frameworks */ = {
			isa = PBXFrameworksBuildPhase;
			buildActionMask = 2147483647;
			files = (
			);
			runOnlyForDeploymentPostprocessing = 0;
		};
/* End PBXFrameworksBuildPhase section */

/* Begin PBXGroup section */
		FC30F29C211FC90300CFE07B = {
			isa = PBXGroup;
			children = (
				FC30F2A7211FC90300CFE07B /* FoodMarker */,
				FC30F2A6211FC90300CFE07B /* Products */,
			);
			sourceTree = "<group>";
		};
		FC30F2A6211FC90300CFE07B /* Products */ = {
			isa = PBXGroup;
			children = (
				FC30F2A5211FC90300CFE07B /* FoodMarker.app */,
			);
			name = Products;
			sourceTree = "<group>";
		};
		FC30F2A7211FC90300CFE07B /* FoodMarker */ = {
			isa = PBXGroup;
			children = (
				FC30F2A8211FC90300CFE07B /* AppDelegate.swift */,
				FC30F2AC211FC90300CFE07B /* Main.storyboard */,
				FC30F2AF211FC90400CFE07B /* Assets.xcassets */,
				FC30F2B1211FC90400CFE07B /* LaunchScreen.storyboard */,
				FC30F2B4211FC90400CFE07B /* Info.plist */,
				FC30F2BA211FC9BC00CFE07B /* RestaurantTableViewController.swift */,
				FC30F2BC211FD07400CFE07B /* RestaurantTableViewCell.swift */,
			);
			path = FoodMarker;
			sourceTree = "<group>";
		};
/* End PBXGroup section */

/* Begin PBXNativeTarget section */
		FC30F2A4211FC90300CFE07B /* FoodMarker */ = {
			isa = PBXNativeTarget;
			buildConfigurationList = FC30F2B7211FC90400CFE07B /* Build configuration list for PBXNativeTarget "FoodMarker" */;
			buildPhases = (
				FC30F2A1211FC90300CFE07B /* Sources */,
				FC30F2A2211FC90300CFE07B /* Frameworks */,
				FC30F2A3211FC90300CFE07B /* Resources */,
			);
			buildRules = (
			);
			dependencies = (
			);
			name = FoodMarker;
			productName = FoodMarker;
			productReference = FC30F2A5211FC90300CFE07B /* FoodMarker.app */;
			productType = "com.apple.product-type.application";
		};
/* End PBXNativeTarget section */

/* Begin PBXProject section */
		FC30F29D211FC90300CFE07B /* Project object */ = {
			isa = PBXProject;
			attributes = {
				LastSwiftUpdateCheck = 0940;
				LastUpgradeCheck = 0940;
				ORGANIZATIONNAME = "Expert-Generalist";
				TargetAttributes = {
					FC30F2A4211FC90300CFE07B = {
						CreatedOnToolsVersion = 9.4.1;
					};
				};
			};
			buildConfigurationList = FC30F2A0211FC90300CFE07B /* Build configuration list for PBXProject "FoodMarker" */;
			compatibilityVersion = "Xcode 9.3";
			developmentRegion = en;
			hasScannedForEncodings = 0;
			knownRegions = (
				en,
				Base,
			);
			mainGroup = FC30F29C211FC90300CFE07B;
			productRefGroup = FC30F2A6211FC90300CFE07B /* Products */;
			projectDirPath = "";
			projectRoot = "";
			targets = (
				FC30F2A4211FC90300CFE07B /* FoodMarker */,
			);
		};
/* End PBXProject section */

/* Begin PBXResourcesBuildPhase section */
		FC30F2A3211FC90300CFE07B /* Resources */ = {
			isa = PBXResourcesBuildPhase;
			buildActionMask = 2147483647;
			files = (
				FC30F2B3211FC90400CFE07B /* LaunchScreen.storyboard in Resources */,
				FC30F2B0211FC90400CFE07B /* Assets.xcassets in Resources */,
				FC30F2AE211FC90300CFE07B /* Main.storyboard in Resources */,
			);
			runOnlyForDeploymentPostprocessing = 0;
		};
/* End PBXResourcesBuildPhase section */

/* Begin PBXSourcesBuildPhase section */
		FC30F2A1211FC90300CFE07B /* Sources */ = {
			isa = PBXSourcesBuildPhase;
			buildActionMask = 2147483647;
			files = (
				FC30F2BB211FC9BC00CFE07B /* RestaurantTableViewController.swift in Sources */,
				FC30F2BD211FD07400CFE07B /* RestaurantTableViewCell.swift in Sources */,
				FC30F2A9211FC90300CFE07B /* AppDelegate.swift in Sources */,
			);
			runOnlyForDeploymentPostprocessing = 0;
		};
/* End PBXSourcesBuildPhase section */

/* Begin PBXVariantGroup section */
		FC30F2AC211FC90300CFE07B /* Main.storyboard */ = {
			isa = PBXVariantGroup;
			children = (
				FC30F2AD211FC90300CFE07B /* Base */,
			);
			name = Main.storyboard;
			sourceTree = "<group>";
		};
		FC30F2B1211FC90400CFE07B /* LaunchScreen.storyboard */ = {
			isa = PBXVariantGroup;
			children = (
				FC30F2B2211FC90400CFE07B /* Base */,
			);
			name = LaunchScreen.storyboard;
			sourceTree = "<group>";
		};
/* End PBXVariantGroup section */

/* Begin XCBuildConfiguration section */
		FC30F2B5211FC90400CFE07B /* Debug */ = {
			isa = XCBuildConfiguration;
			buildSettings = {
				ALWAYS_SEARCH_USER_PATHS = NO;
				CLANG_ANALYZER_NONNULL = YES;
				CLANG_ANALYZER_NUMBER_OBJECT_CONVERSION = YES_AGGRESSIVE;
				CLANG_CXX_LANGUAGE_STANDARD = "gnu++14";
				CLANG_CXX_LIBRARY = "libc++";
				CLANG_ENABLE_MODULES = YES;
				CLANG_ENABLE_OBJC_ARC = YES;
				CLANG_ENABLE_OBJC_WEAK = YES;
				CLANG_WARN_BLOCK_CAPTURE_AUTORELEASING = YES;
				CLANG_WARN_BOOL_CONVERSION = YES;
				CLANG_WARN_COMMA = YES;
				CLANG_WARN_CONSTANT_CONVERSION = YES;
				CLANG_WARN_DEPRECATED_OBJC_IMPLEMENTATIONS = YES;
				CLANG_WARN_DIRECT_OBJC_ISA_USAGE = YES_ERROR;
				CLANG_WARN_DOCUMENTATION_COMMENTS = YES;
				CLANG_WARN_EMPTY_BODY = YES;
				CLANG_WARN_ENUM_CONVERSION = YES;
				CLANG_WARN_INFINITE_RECURSION = YES;
				CLANG_WARN_INT_CONVERSION = YES;
				CLANG_WARN_NON_LITERAL_NULL_CONVERSION = YES;
				CLANG_WARN_OBJC_IMPLICIT_RETAIN_SELF = YES;
				CLANG_WARN_OBJC_LITERAL_CONVERSION = YES;
				CLANG_WARN_OBJC_ROOT_CLASS = YES_ERROR;
				CLANG_WARN_RANGE_LOOP_ANALYSIS = YES;
				CLANG_WARN_STRICT_PROTOTYPES = YES;
				CLANG_WARN_SUSPICIOUS_MOVE = YES;
				CLANG_WARN_UNGUARDED_AVAILABILITY = YES_AGGRESSIVE;
				CLANG_WARN_UNREACHABLE_CODE = YES;
				CLANG_WARN__DUPLICATE_METHOD_MATCH = YES;
				CODE_SIGN_IDENTITY = "iPhone Developer";
				COPY_PHASE_STRIP = NO;
				DEBUG_INFORMATION_FORMAT = dwarf;
				ENABLE_STRICT_OBJC_MSGSEND = YES;
				ENABLE_TESTABILITY = YES;
				GCC_C_LANGUAGE_STANDARD = gnu11;
				GCC_DYNAMIC_NO_PIC = NO;
				GCC_NO_COMMON_BLOCKS = YES;
				GCC_OPTIMIZATION_LEVEL = 0;
				GCC_PREPROCESSOR_DEFINITIONS = (
					"DEBUG=1",
					"$(inherited)",
				);
				GCC_WARN_64_TO_32_BIT_CONVERSION = YES;
				GCC_WARN_ABOUT_RETURN_TYPE = YES_ERROR;
				GCC_WARN_UNDECLARED_SELECTOR = YES;
				GCC_WARN_UNINITIALIZED_AUTOS = YES_AGGRESSIVE;
				GCC_WARN_UNUSED_FUNCTION = YES;
				GCC_WARN_UNUSED_VARIABLE = YES;
				IPHONEOS_DEPLOYMENT_TARGET = 11.4;
				MTL_ENABLE_DEBUG_INFO = YES;
				ONLY_ACTIVE_ARCH = YES;
				SDKROOT = iphoneos;
				SWIFT_ACTIVE_COMPILATION_CONDITIONS = DEBUG;
				SWIFT_OPTIMIZATION_LEVEL = "-Onone";
			};
			name = Debug;
		};
		FC30F2B6211FC90400CFE07B /* Release */ = {
			isa = XCBuildConfiguration;
			buildSettings = {
				ALWAYS_SEARCH_USER_PATHS = NO;
				CLANG_ANALYZER_NONNULL = YES;
				CLANG_ANALYZER_NUMBER_OBJECT_CONVERSION = YES_AGGRESSIVE;
				CLANG_CXX_LANGUAGE_STANDARD = "gnu++14";
				CLANG_CXX_LIBRARY = "libc++";
				CLANG_ENABLE_MODULES = YES;
				CLANG_ENABLE_OBJC_ARC = YES;
				CLANG_ENABLE_OBJC_WEAK = YES;
				CLANG_WARN_BLOCK_CAPTURE_AUTORELEASING = YES;
				CLANG_WARN_BOOL_CONVERSION = YES;
				CLANG_WARN_COMMA = YES;
				CLANG_WARN_CONSTANT_CONVERSION = YES;
				CLANG_WARN_DEPRECATED_OBJC_IMPLEMENTATIONS = YES;
				CLANG_WARN_DIRECT_OBJC_ISA_USAGE = YES_ERROR;
				CLANG_WARN_DOCUMENTATION_COMMENTS = YES;
				CLANG_WARN_EMPTY_BODY = YES;
				CLANG_WARN_ENUM_CONVERSION = YES;
				CLANG_WARN_INFINITE_RECURSION = YES;
				CLANG_WARN_INT_CONVERSION = YES;
				CLANG_WARN_NON_LITERAL_NULL_CONVERSION = YES;
				CLANG_WARN_OBJC_IMPLICIT_RETAIN_SELF = YES;
				CLANG_WARN_OBJC_LITERAL_CONVERSION = YES;
				CLANG_WARN_OBJC_ROOT_CLASS = YES_ERROR;
				CLANG_WARN_RANGE_LOOP_ANALYSIS = YES;
				CLANG_WARN_STRICT_PROTOTYPES = YES;
				CLANG_WARN_SUSPICIOUS_MOVE = YES;
				CLANG_WARN_UNGUARDED_AVAILABILITY = YES_AGGRESSIVE;
				CLANG_WARN_UNREACHABLE_CODE = YES;
				CLANG_WARN__DUPLICATE_METHOD_MATCH = YES;
				CODE_SIGN_IDENTITY = "iPhone Developer";
				COPY_PHASE_STRIP = NO;
				DEBUG_INFORMATION_FORMAT = "dwarf-with-dsym";
				ENABLE_NS_ASSERTIONS = NO;
				ENABLE_STRICT_OBJC_MSGSEND = YES;
				GCC_C_LANGUAGE_STANDARD = gnu11;
				GCC_NO_COMMON_BLOCKS = YES;
				GCC_WARN_64_TO_32_BIT_CONVERSION = YES;
				GCC_WARN_ABOUT_RETURN_TYPE = YES_ERROR;
				GCC_WARN_UNDECLARED_SELECTOR = YES;
				GCC_WARN_UNINITIALIZED_AUTOS = YES_AGGRESSIVE;
				GCC_WARN_UNUSED_FUNCTION = YES;
				GCC_WARN_UNUSED_VARIABLE = YES;
				IPHONEOS_DEPLOYMENT_TARGET = 11.4;
				MTL_ENABLE_DEBUG_INFO = NO;
				SDKROOT = iphoneos;
				SWIFT_COMPILATION_MODE = wholemodule;
				SWIFT_OPTIMIZATION_LEVEL = "-O";
				VALIDATE_PRODUCT = YES;
			};
			name = Release;
		};
		FC30F2B8211FC90400CFE07B /* Debug */ = {
			isa = XCBuildConfiguration;
			buildSettings = {
				ASSETCATALOG_COMPILER_APPICON_NAME = AppIcon;
				CODE_SIGN_STYLE = Automatic;
				DEVELOPMENT_TEAM = 7X655H9JK5;
				INFOPLIST_FILE = FoodMarker/Info.plist;
				LD_RUNPATH_SEARCH_PATHS = (
					"$(inherited)",
					"@executable_path/Frameworks",
				);
				PRODUCT_BUNDLE_IDENTIFIER = "com.expert-generalist.FoodMarker";
				PRODUCT_NAME = "$(TARGET_NAME)";
				SWIFT_VERSION = 4.0;
				TARGETED_DEVICE_FAMILY = "1,2";
			};
			name = Debug;
		};
		FC30F2B9211FC90400CFE07B /* Release */ = {
			isa = XCBuildConfiguration;
			buildSettings = {
				ASSETCATALOG_COMPILER_APPICON_NAME = AppIcon;
				CODE_SIGN_STYLE = Automatic;
				DEVELOPMENT_TEAM = 7X655H9JK5;
				INFOPLIST_FILE = FoodMarker/Info.plist;
				LD_RUNPATH_SEARCH_PATHS = (
					"$(inherited)",
					"@executable_path/Frameworks",
				);
				PRODUCT_BUNDLE_IDENTIFIER = "com.expert-generalist.FoodMarker";
				PRODUCT_NAME = "$(TARGET_NAME)";
				SWIFT_VERSION = 4.0;
				TARGETED_DEVICE_FAMILY = "1,2";
			};
			name = Release;
		};
/* End XCBuildConfiguration section */

/* Begin XCConfigurationList section */
		FC30F2A0211FC90300CFE07B /* Build configuration list for PBXProject "FoodMarker" */ = {
			isa = XCConfigurationList;
			buildConfigurations = (
				FC30F2B5211FC90400CFE07B /* Debug */,
				FC30F2B6211FC90400CFE07B /* Release */,
			);
			defaultConfigurationIsVisible = 0;
			defaultConfigurationName = Release;
		};
		FC30F2B7211FC90400CFE07B /* Build configuration list for PBXNativeTarget "FoodMarker" */ = {
			isa = XCConfigurationList;
			buildConfigurations = (
				FC30F2B8211FC90400CFE07B /* Debug */,
				FC30F2B9211FC90400CFE07B /* Release */,
			);
			defaultConfigurationIsVisible = 0;
			defaultConfigurationName = Release;
		};
/* End XCConfigurationList section */
	};
	rootObject = FC30F29D211FC90300CFE07B /* Project object */;
}
